// !$*UTF8*$!
{
	archiveVersion = 1;
	classes = {
	};
	objectVersion = 56;
	objects = {

/* Begin PBXBuildFile section */
		093086082AA9EEB10038A014 /* ReSwift in Frameworks */ = {isa = PBXBuildFile; productRef = 093086072AA9EEB10038A014 /* ReSwift */; };
		0930860B2AA9EF660038A014 /* State in Frameworks */ = {isa = PBXBuildFile; productRef = 0930860A2AA9EF660038A014 /* State */; };
		0930860E2AAA03370038A014 /* NavigationController.swift in Sources */ = {isa = PBXBuildFile; fileRef = 0930860D2AAA03370038A014 /* NavigationController.swift */; };
		093086102AAA0C0C0038A014 /* Route+View.swift in Sources */ = {isa = PBXBuildFile; fileRef = 0930860F2AAA0C0C0038A014 /* Route+View.swift */; };
		093086122AAA0C880038A014 /* MainView.swift in Sources */ = {isa = PBXBuildFile; fileRef = 093086112AAA0C880038A014 /* MainView.swift */; };
		0930861B2AAF4F840038A014 /* StateStore.swift in Sources */ = {isa = PBXBuildFile; fileRef = 0930861A2AAF4F840038A014 /* StateStore.swift */; };
		0930861D2AAF50340038A014 /* AuthManager in Frameworks */ = {isa = PBXBuildFile; productRef = 0930861C2AAF50340038A014 /* AuthManager */; };
		0930861F2AAF50380038A014 /* Middleware in Frameworks */ = {isa = PBXBuildFile; productRef = 0930861E2AAF50380038A014 /* Middleware */; };
		093086222AB041D00038A014 /* AuthController.swift in Sources */ = {isa = PBXBuildFile; fileRef = 093086212AB041D00038A014 /* AuthController.swift */; };
		097B21A92B6D04A8001CED48 /* Jost-SemiBold.ttf in Resources */ = {isa = PBXBuildFile; fileRef = 097B21A72B6D04A8001CED48 /* Jost-SemiBold.ttf */; };
		097B21AA2B6D04A8001CED48 /* Jost-Black.ttf in Resources */ = {isa = PBXBuildFile; fileRef = 097B21A82B6D04A8001CED48 /* Jost-Black.ttf */; };
		FE3DCF8D2AB7553A001E3F06 /* RegistrationView.swift in Sources */ = {isa = PBXBuildFile; fileRef = FE3DCF8C2AB7553A001E3F06 /* RegistrationView.swift */; };
		FE3DCF932AB757AE001E3F06 /* TextFieldModifier.swift in Sources */ = {isa = PBXBuildFile; fileRef = FE3DCF922AB757AE001E3F06 /* TextFieldModifier.swift */; };
		FE3DCF972AB76B2D001E3F06 /* LoginView.swift in Sources */ = {isa = PBXBuildFile; fileRef = FE3DCF962AB76B2D001E3F06 /* LoginView.swift */; };
		FE8EA71F2B7356FC00162405 /* Event.swift in Sources */ = {isa = PBXBuildFile; fileRef = FE8EA71E2B7356FC00162405 /* Event.swift */; };
		FE9401E42AD3DE5E0019C2DC /* GlobalConstants.swift in Sources */ = {isa = PBXBuildFile; fileRef = FE9401E32AD3DE5E0019C2DC /* GlobalConstants.swift */; };
		FEB960A22AA907D800882488 /* App.swift in Sources */ = {isa = PBXBuildFile; fileRef = FEB960A12AA907D800882488 /* App.swift */; };
		FEB960A62AA907DA00882488 /* Assets.xcassets in Resources */ = {isa = PBXBuildFile; fileRef = FEB960A52AA907DA00882488 /* Assets.xcassets */; };
		FEB960A92AA907DA00882488 /* Preview Assets.xcassets in Resources */ = {isa = PBXBuildFile; fileRef = FEB960A82AA907DA00882488 /* Preview Assets.xcassets */; };
		FEC30A062B70E679008BE456 /* EventView.swift in Sources */ = {isa = PBXBuildFile; fileRef = FEC30A052B70E679008BE456 /* EventView.swift */; };
		FEC781302AE6E4DA00EC303B /* AssetNames.swift in Sources */ = {isa = PBXBuildFile; fileRef = FEC7812F2AE6E4DA00EC303B /* AssetNames.swift */; };
		FEC781322AE6E55A00EC303B /* FontNames.swift in Sources */ = {isa = PBXBuildFile; fileRef = FEC781312AE6E55A00EC303B /* FontNames.swift */; };
		FEC781342AE6ED2400EC303B /* CustomSecureField.swift in Sources */ = {isa = PBXBuildFile; fileRef = FEC781332AE6ED2400EC303B /* CustomSecureField.swift */; };
		FEC781362AE6EE5200EC303B /* ColorScheme.swift in Sources */ = {isa = PBXBuildFile; fileRef = FEC781352AE6EE5200EC303B /* ColorScheme.swift */; };
		FEE906952ADF0A46009104D3 /* Jost-Regular.ttf in Resources */ = {isa = PBXBuildFile; fileRef = FEE9068B2ADF08F5009104D3 /* Jost-Regular.ttf */; };
		FEE906962ADF0B29009104D3 /* Jost-Bold.ttf in Resources */ = {isa = PBXBuildFile; fileRef = FEE906812ADF08F5009104D3 /* Jost-Bold.ttf */; };
/* End PBXBuildFile section */

/* Begin PBXFileReference section */
		093086052AA9EE460038A014 /* State */ = {isa = PBXFileReference; lastKnownFileType = wrapper; path = State; sourceTree = "<group>"; };
		0930860D2AAA03370038A014 /* NavigationController.swift */ = {isa = PBXFileReference; lastKnownFileType = sourcecode.swift; path = NavigationController.swift; sourceTree = "<group>"; };
		0930860F2AAA0C0C0038A014 /* Route+View.swift */ = {isa = PBXFileReference; lastKnownFileType = sourcecode.swift; path = "Route+View.swift"; sourceTree = "<group>"; };
		093086112AAA0C880038A014 /* MainView.swift */ = {isa = PBXFileReference; lastKnownFileType = sourcecode.swift; path = MainView.swift; sourceTree = "<group>"; };
		093086142AAF33D90038A014 /* Common */ = {isa = PBXFileReference; lastKnownFileType = wrapper; path = Common; sourceTree = "<group>"; };
		093086182AAF43B20038A014 /* Middleware */ = {isa = PBXFileReference; lastKnownFileType = wrapper; path = Middleware; sourceTree = "<group>"; };
		093086192AAF44130038A014 /* AuthManager */ = {isa = PBXFileReference; lastKnownFileType = wrapper; path = AuthManager; sourceTree = "<group>"; };
		0930861A2AAF4F840038A014 /* StateStore.swift */ = {isa = PBXFileReference; lastKnownFileType = sourcecode.swift; path = StateStore.swift; sourceTree = "<group>"; };
		093086212AB041D00038A014 /* AuthController.swift */ = {isa = PBXFileReference; lastKnownFileType = sourcecode.swift; path = AuthController.swift; sourceTree = "<group>"; };
		097B21A72B6D04A8001CED48 /* Jost-SemiBold.ttf */ = {isa = PBXFileReference; lastKnownFileType = file; name = "Jost-SemiBold.ttf"; path = "../../../../../Downloads/Jost/static/Jost-SemiBold.ttf"; sourceTree = "<group>"; };
		097B21A82B6D04A8001CED48 /* Jost-Black.ttf */ = {isa = PBXFileReference; lastKnownFileType = file; name = "Jost-Black.ttf"; path = "../../../../../Downloads/Jost/static/Jost-Black.ttf"; sourceTree = "<group>"; };
		FE3DCF8C2AB7553A001E3F06 /* RegistrationView.swift */ = {isa = PBXFileReference; lastKnownFileType = sourcecode.swift; path = RegistrationView.swift; sourceTree = "<group>"; };
		FE3DCF922AB757AE001E3F06 /* TextFieldModifier.swift */ = {isa = PBXFileReference; lastKnownFileType = sourcecode.swift; path = TextFieldModifier.swift; sourceTree = "<group>"; };
		FE3DCF962AB76B2D001E3F06 /* LoginView.swift */ = {isa = PBXFileReference; lastKnownFileType = sourcecode.swift; path = LoginView.swift; sourceTree = "<group>"; };
		FE8EA71E2B7356FC00162405 /* Event.swift */ = {isa = PBXFileReference; lastKnownFileType = sourcecode.swift; path = Event.swift; sourceTree = "<group>"; };
		FE9401E32AD3DE5E0019C2DC /* GlobalConstants.swift */ = {isa = PBXFileReference; lastKnownFileType = sourcecode.swift; path = GlobalConstants.swift; sourceTree = "<group>"; };
		FE96D82C2AD3E74E008B21C9 /* Info.plist */ = {isa = PBXFileReference; lastKnownFileType = text.plist; path = Info.plist; sourceTree = "<group>"; };
		FEB9609E2AA907D800882488 /* AppWithNastenka.app */ = {isa = PBXFileReference; explicitFileType = wrapper.application; includeInIndex = 0; path = AppWithNastenka.app; sourceTree = BUILT_PRODUCTS_DIR; };
		FEB960A12AA907D800882488 /* App.swift */ = {isa = PBXFileReference; lastKnownFileType = sourcecode.swift; path = App.swift; sourceTree = "<group>"; };
		FEB960A52AA907DA00882488 /* Assets.xcassets */ = {isa = PBXFileReference; lastKnownFileType = folder.assetcatalog; path = Assets.xcassets; sourceTree = "<group>"; };
		FEB960A82AA907DA00882488 /* Preview Assets.xcassets */ = {isa = PBXFileReference; lastKnownFileType = folder.assetcatalog; path = "Preview Assets.xcassets"; sourceTree = "<group>"; };
		FEC30A052B70E679008BE456 /* EventView.swift */ = {isa = PBXFileReference; lastKnownFileType = sourcecode.swift; path = EventView.swift; sourceTree = "<group>"; };
		FEC7812F2AE6E4DA00EC303B /* AssetNames.swift */ = {isa = PBXFileReference; lastKnownFileType = sourcecode.swift; path = AssetNames.swift; sourceTree = "<group>"; };
		FEC781312AE6E55A00EC303B /* FontNames.swift */ = {isa = PBXFileReference; lastKnownFileType = sourcecode.swift; path = FontNames.swift; sourceTree = "<group>"; };
		FEC781332AE6ED2400EC303B /* CustomSecureField.swift */ = {isa = PBXFileReference; lastKnownFileType = sourcecode.swift; path = CustomSecureField.swift; sourceTree = "<group>"; };
		FEC781352AE6EE5200EC303B /* ColorScheme.swift */ = {isa = PBXFileReference; lastKnownFileType = sourcecode.swift; path = ColorScheme.swift; sourceTree = "<group>"; };
		FEE906812ADF08F5009104D3 /* Jost-Bold.ttf */ = {isa = PBXFileReference; lastKnownFileType = file; path = "Jost-Bold.ttf"; sourceTree = "<group>"; };
		FEE9068B2ADF08F5009104D3 /* Jost-Regular.ttf */ = {isa = PBXFileReference; lastKnownFileType = file; path = "Jost-Regular.ttf"; sourceTree = "<group>"; };
		FEE9068D2ADF08F5009104D3 /* Jost-Light.ttf */ = {isa = PBXFileReference; lastKnownFileType = file; path = "Jost-Light.ttf"; sourceTree = "<group>"; };
		FEE9068E2ADF08F5009104D3 /* Jost-Italic.ttf */ = {isa = PBXFileReference; lastKnownFileType = file; path = "Jost-Italic.ttf"; sourceTree = "<group>"; };
/* End PBXFileReference section */

/* Begin PBXFrameworksBuildPhase section */
		FEB9609B2AA907D800882488 /* Frameworks */ = {
			isa = PBXFrameworksBuildPhase;
			buildActionMask = 2147483647;
			files = (
				0930861F2AAF50380038A014 /* Middleware in Frameworks */,
				0930861D2AAF50340038A014 /* AuthManager in Frameworks */,
				0930860B2AA9EF660038A014 /* State in Frameworks */,
				093086082AA9EEB10038A014 /* ReSwift in Frameworks */,
			);
			runOnlyForDeploymentPostprocessing = 0;
		};
/* End PBXFrameworksBuildPhase section */

/* Begin PBXGroup section */
		093086042AA9EE310038A014 /* Packages */ = {
			isa = PBXGroup;
			children = (
				093086192AAF44130038A014 /* AuthManager */,
				093086182AAF43B20038A014 /* Middleware */,
				093086142AAF33D90038A014 /* Common */,
				093086052AA9EE460038A014 /* State */,
			);
			path = Packages;
			sourceTree = "<group>";
		};
		093086092AA9EF660038A014 /* Frameworks */ = {
			isa = PBXGroup;
			children = (
			);
			name = Frameworks;
			sourceTree = "<group>";
		};
		0930860C2AAA03290038A014 /* Navigation */ = {
			isa = PBXGroup;
			children = (
				0930860D2AAA03370038A014 /* NavigationController.swift */,
				0930860F2AAA0C0C0038A014 /* Route+View.swift */,
			);
			path = Navigation;
			sourceTree = "<group>";
		};
		093086132AAA0E860038A014 /* Views */ = {
			isa = PBXGroup;
			children = (
				093086112AAA0C880038A014 /* MainView.swift */,
				FE3DCF8C2AB7553A001E3F06 /* RegistrationView.swift */,
				FE3DCF962AB76B2D001E3F06 /* LoginView.swift */,
				FEC30A052B70E679008BE456 /* EventView.swift */,
			);
			path = Views;
			sourceTree = "<group>";
		};
		093086202AB041C10038A014 /* Auth */ = {
			isa = PBXGroup;
			children = (
				093086212AB041D00038A014 /* AuthController.swift */,
			);
			path = Auth;
			sourceTree = "<group>";
		};
		FE3DCF8E2AB75584001E3F06 /* ViewComponents */ = {
			isa = PBXGroup;
			children = (
				FEC781332AE6ED2400EC303B /* CustomSecureField.swift */,
			);
			path = ViewComponents;
			sourceTree = "<group>";
		};
		FE3DCF912AB75748001E3F06 /* ViewModifiers */ = {
			isa = PBXGroup;
			children = (
				FE3DCF922AB757AE001E3F06 /* TextFieldModifier.swift */,
			);
			path = ViewModifiers;
			sourceTree = "<group>";
		};
		FE8EA71D2B7356E600162405 /* Models */ = {
			isa = PBXGroup;
			children = (
				FE8EA71E2B7356FC00162405 /* Event.swift */,
			);
			path = Models;
			sourceTree = "<group>";
		};
		FE9401E02AD3DA8D0019C2DC /* BrandBook */ = {
			isa = PBXGroup;
			children = (
				FE9401E32AD3DE5E0019C2DC /* GlobalConstants.swift */,
				FEC7812F2AE6E4DA00EC303B /* AssetNames.swift */,
				FEC781312AE6E55A00EC303B /* FontNames.swift */,
				FEC781352AE6EE5200EC303B /* ColorScheme.swift */,
			);
			path = BrandBook;
			sourceTree = "<group>";
		};
		FE96D8272AD3E548008B21C9 /* Fonts */ = {
			isa = PBXGroup;
			children = (
				FEE9067D2ADF08F5009104D3 /* Jost */,
			);
			path = Fonts;
			sourceTree = "<group>";
		};
		FEB960952AA907D800882488 = {
			isa = PBXGroup;
			children = (
				093086042AA9EE310038A014 /* Packages */,
				FEB960A02AA907D800882488 /* AppWithNastenka */,
				FEB9609F2AA907D800882488 /* Products */,
				093086092AA9EF660038A014 /* Frameworks */,
			);
			sourceTree = "<group>";
		};
		FEB9609F2AA907D800882488 /* Products */ = {
			isa = PBXGroup;
			children = (
				FEB9609E2AA907D800882488 /* AppWithNastenka.app */,
			);
			name = Products;
			sourceTree = "<group>";
		};
		FEB960A02AA907D800882488 /* AppWithNastenka */ = {
			isa = PBXGroup;
			children = (
				FE96D82C2AD3E74E008B21C9 /* Info.plist */,
				FE96D8272AD3E548008B21C9 /* Fonts */,
				093086202AB041C10038A014 /* Auth */,
				0930860C2AAA03290038A014 /* Navigation */,
				FEB960A12AA907D800882488 /* App.swift */,
				FE3DCF912AB75748001E3F06 /* ViewModifiers */,
				0930861A2AAF4F840038A014 /* StateStore.swift */,
				FE8EA71D2B7356E600162405 /* Models */,
				093086132AAA0E860038A014 /* Views */,
				FE3DCF8E2AB75584001E3F06 /* ViewComponents */,
				FEB960A52AA907DA00882488 /* Assets.xcassets */,
				FE9401E02AD3DA8D0019C2DC /* BrandBook */,
				FEB960A72AA907DA00882488 /* Preview Content */,
			);
			path = AppWithNastenka;
			sourceTree = "<group>";
		};
		FEB960A72AA907DA00882488 /* Preview Content */ = {
			isa = PBXGroup;
			children = (
				FEB960A82AA907DA00882488 /* Preview Assets.xcassets */,
			);
			path = "Preview Content";
			sourceTree = "<group>";
		};
		FEE9067D2ADF08F5009104D3 /* Jost */ = {
			isa = PBXGroup;
			children = (
				FEE9068E2ADF08F5009104D3 /* Jost-Italic.ttf */,
				FEE906812ADF08F5009104D3 /* Jost-Bold.ttf */,
				097B21A82B6D04A8001CED48 /* Jost-Black.ttf */,
				097B21A72B6D04A8001CED48 /* Jost-SemiBold.ttf */,
				FEE9068B2ADF08F5009104D3 /* Jost-Regular.ttf */,
				FEE9068D2ADF08F5009104D3 /* Jost-Light.ttf */,
			);
			path = Jost;
			sourceTree = "<group>";
		};
/* End PBXGroup section */

/* Begin PBXNativeTarget section */
		FEB9609D2AA907D800882488 /* AppWithNastenka */ = {
			isa = PBXNativeTarget;
			buildConfigurationList = FEB960B12AA907DA00882488 /* Build configuration list for PBXNativeTarget "AppWithNastenka" */;
			buildPhases = (
				FEB9609A2AA907D800882488 /* Sources */,
				FEB9609B2AA907D800882488 /* Frameworks */,
				FEB9609C2AA907D800882488 /* Resources */,
			);
			buildRules = (
			);
			dependencies = (
			);
			name = AppWithNastenka;
			packageProductDependencies = (
				093086072AA9EEB10038A014 /* ReSwift */,
				0930860A2AA9EF660038A014 /* State */,
				0930861C2AAF50340038A014 /* AuthManager */,
				0930861E2AAF50380038A014 /* Middleware */,
			);
			productName = AppWithNastenka;
			productReference = FEB9609E2AA907D800882488 /* AppWithNastenka.app */;
			productType = "com.apple.product-type.application";
		};
/* End PBXNativeTarget section */

/* Begin PBXProject section */
		FEB960962AA907D800882488 /* Project object */ = {
			isa = PBXProject;
			attributes = {
				BuildIndependentTargetsInParallel = 1;
				LastSwiftUpdateCheck = 1430;
				LastUpgradeCheck = 1430;
				TargetAttributes = {
					FEB9609D2AA907D800882488 = {
						CreatedOnToolsVersion = 14.3;
					};
				};
			};
			buildConfigurationList = FEB960992AA907D800882488 /* Build configuration list for PBXProject "AppWithNastenka" */;
			compatibilityVersion = "Xcode 14.0";
			developmentRegion = en;
			hasScannedForEncodings = 0;
			knownRegions = (
				en,
				Base,
			);
			mainGroup = FEB960952AA907D800882488;
			packageReferences = (
				093086062AA9EEB10038A014 /* XCRemoteSwiftPackageReference "ReSwift" */,
			);
			productRefGroup = FEB9609F2AA907D800882488 /* Products */;
			projectDirPath = "";
			projectRoot = "";
			targets = (
				FEB9609D2AA907D800882488 /* AppWithNastenka */,
			);
		};
/* End PBXProject section */

/* Begin PBXResourcesBuildPhase section */
		FEB9609C2AA907D800882488 /* Resources */ = {
			isa = PBXResourcesBuildPhase;
			buildActionMask = 2147483647;
			files = (
				FEB960A92AA907DA00882488 /* Preview Assets.xcassets in Resources */,
				FEB960A62AA907DA00882488 /* Assets.xcassets in Resources */,
				FEE906952ADF0A46009104D3 /* Jost-Regular.ttf in Resources */,
				097B21AA2B6D04A8001CED48 /* Jost-Black.ttf in Resources */,
				FEE906962ADF0B29009104D3 /* Jost-Bold.ttf in Resources */,
				097B21A92B6D04A8001CED48 /* Jost-SemiBold.ttf in Resources */,
			);
			runOnlyForDeploymentPostprocessing = 0;
		};
/* End PBXResourcesBuildPhase section */

/* Begin PBXSourcesBuildPhase section */
		FEB9609A2AA907D800882488 /* Sources */ = {
			isa = PBXSourcesBuildPhase;
			buildActionMask = 2147483647;
			files = (
				093086122AAA0C880038A014 /* MainView.swift in Sources */,
				FE9401E42AD3DE5E0019C2DC /* GlobalConstants.swift in Sources */,
				FEC30A062B70E679008BE456 /* EventView.swift in Sources */,
				093086102AAA0C0C0038A014 /* Route+View.swift in Sources */,
				FEC781322AE6E55A00EC303B /* FontNames.swift in Sources */,
				FE8EA71F2B7356FC00162405 /* Event.swift in Sources */,
				0930860E2AAA03370038A014 /* NavigationController.swift in Sources */,
				FEC781342AE6ED2400EC303B /* CustomSecureField.swift in Sources */,
				FE3DCF972AB76B2D001E3F06 /* LoginView.swift in Sources */,
				FE3DCF932AB757AE001E3F06 /* TextFieldModifier.swift in Sources */,
				FEC781302AE6E4DA00EC303B /* AssetNames.swift in Sources */,
				FEC781362AE6EE5200EC303B /* ColorScheme.swift in Sources */,
				FEB960A22AA907D800882488 /* App.swift in Sources */,
				FE3DCF8D2AB7553A001E3F06 /* RegistrationView.swift in Sources */,
				FEB960A22AA907D800882488 /* App.swift in Sources */,
				093086222AB041D00038A014 /* AuthController.swift in Sources */,
				0930861B2AAF4F840038A014 /* StateStore.swift in Sources */,
			);
			runOnlyForDeploymentPostprocessing = 0;
		};
/* End PBXSourcesBuildPhase section */

/* Begin XCBuildConfiguration section */
		FEB960AF2AA907DA00882488 /* Debug */ = {
			isa = XCBuildConfiguration;
			buildSettings = {
				ALWAYS_SEARCH_USER_PATHS = NO;
				CLANG_ANALYZER_NONNULL = YES;
				CLANG_ANALYZER_NUMBER_OBJECT_CONVERSION = YES_AGGRESSIVE;
				CLANG_CXX_LANGUAGE_STANDARD = "gnu++20";
				CLANG_ENABLE_MODULES = YES;
				CLANG_ENABLE_OBJC_ARC = YES;
				CLANG_ENABLE_OBJC_WEAK = YES;
				CLANG_WARN_BLOCK_CAPTURE_AUTORELEASING = YES;
				CLANG_WARN_BOOL_CONVERSION = YES;
				CLANG_WARN_COMMA = YES;
				CLANG_WARN_CONSTANT_CONVERSION = YES;
				CLANG_WARN_DEPRECATED_OBJC_IMPLEMENTATIONS = YES;
				CLANG_WARN_DIRECT_OBJC_ISA_USAGE = YES_ERROR;
				CLANG_WARN_DOCUMENTATION_COMMENTS = YES;
				CLANG_WARN_EMPTY_BODY = YES;
				CLANG_WARN_ENUM_CONVERSION = YES;
				CLANG_WARN_INFINITE_RECURSION = YES;
				CLANG_WARN_INT_CONVERSION = YES;
				CLANG_WARN_NON_LITERAL_NULL_CONVERSION = YES;
				CLANG_WARN_OBJC_IMPLICIT_RETAIN_SELF = YES;
				CLANG_WARN_OBJC_LITERAL_CONVERSION = YES;
				CLANG_WARN_OBJC_ROOT_CLASS = YES_ERROR;
				CLANG_WARN_QUOTED_INCLUDE_IN_FRAMEWORK_HEADER = YES;
				CLANG_WARN_RANGE_LOOP_ANALYSIS = YES;
				CLANG_WARN_STRICT_PROTOTYPES = YES;
				CLANG_WARN_SUSPICIOUS_MOVE = YES;
				CLANG_WARN_UNGUARDED_AVAILABILITY = YES_AGGRESSIVE;
				CLANG_WARN_UNREACHABLE_CODE = YES;
				CLANG_WARN__DUPLICATE_METHOD_MATCH = YES;
				COPY_PHASE_STRIP = NO;
				DEBUG_INFORMATION_FORMAT = dwarf;
				ENABLE_STRICT_OBJC_MSGSEND = YES;
				ENABLE_TESTABILITY = YES;
				GCC_C_LANGUAGE_STANDARD = gnu11;
				GCC_DYNAMIC_NO_PIC = NO;
				GCC_NO_COMMON_BLOCKS = YES;
				GCC_OPTIMIZATION_LEVEL = 0;
				GCC_PREPROCESSOR_DEFINITIONS = (
					"DEBUG=1",
					"$(inherited)",
				);
				GCC_WARN_64_TO_32_BIT_CONVERSION = YES;
				GCC_WARN_ABOUT_RETURN_TYPE = YES_ERROR;
				GCC_WARN_UNDECLARED_SELECTOR = YES;
				GCC_WARN_UNINITIALIZED_AUTOS = YES_AGGRESSIVE;
				GCC_WARN_UNUSED_FUNCTION = YES;
				GCC_WARN_UNUSED_VARIABLE = YES;
				IPHONEOS_DEPLOYMENT_TARGET = 16.4;
				MTL_ENABLE_DEBUG_INFO = INCLUDE_SOURCE;
				MTL_FAST_MATH = YES;
				ONLY_ACTIVE_ARCH = YES;
				SDKROOT = iphoneos;
				SWIFT_ACTIVE_COMPILATION_CONDITIONS = DEBUG;
				SWIFT_OPTIMIZATION_LEVEL = "-Onone";
			};
			name = Debug;
		};
		FEB960B02AA907DA00882488 /* Release */ = {
			isa = XCBuildConfiguration;
			buildSettings = {
				ALWAYS_SEARCH_USER_PATHS = NO;
				CLANG_ANALYZER_NONNULL = YES;
				CLANG_ANALYZER_NUMBER_OBJECT_CONVERSION = YES_AGGRESSIVE;
				CLANG_CXX_LANGUAGE_STANDARD = "gnu++20";
				CLANG_ENABLE_MODULES = YES;
				CLANG_ENABLE_OBJC_ARC = YES;
				CLANG_ENABLE_OBJC_WEAK = YES;
				CLANG_WARN_BLOCK_CAPTURE_AUTORELEASING = YES;
				CLANG_WARN_BOOL_CONVERSION = YES;
				CLANG_WARN_COMMA = YES;
				CLANG_WARN_CONSTANT_CONVERSION = YES;
				CLANG_WARN_DEPRECATED_OBJC_IMPLEMENTATIONS = YES;
				CLANG_WARN_DIRECT_OBJC_ISA_USAGE = YES_ERROR;
				CLANG_WARN_DOCUMENTATION_COMMENTS = YES;
				CLANG_WARN_EMPTY_BODY = YES;
				CLANG_WARN_ENUM_CONVERSION = YES;
				CLANG_WARN_INFINITE_RECURSION = YES;
				CLANG_WARN_INT_CONVERSION = YES;
				CLANG_WARN_NON_LITERAL_NULL_CONVERSION = YES;
				CLANG_WARN_OBJC_IMPLICIT_RETAIN_SELF = YES;
				CLANG_WARN_OBJC_LITERAL_CONVERSION = YES;
				CLANG_WARN_OBJC_ROOT_CLASS = YES_ERROR;
				CLANG_WARN_QUOTED_INCLUDE_IN_FRAMEWORK_HEADER = YES;
				CLANG_WARN_RANGE_LOOP_ANALYSIS = YES;
				CLANG_WARN_STRICT_PROTOTYPES = YES;
				CLANG_WARN_SUSPICIOUS_MOVE = YES;
				CLANG_WARN_UNGUARDED_AVAILABILITY = YES_AGGRESSIVE;
				CLANG_WARN_UNREACHABLE_CODE = YES;
				CLANG_WARN__DUPLICATE_METHOD_MATCH = YES;
				COPY_PHASE_STRIP = NO;
				DEBUG_INFORMATION_FORMAT = "dwarf-with-dsym";
				ENABLE_NS_ASSERTIONS = NO;
				ENABLE_STRICT_OBJC_MSGSEND = YES;
				GCC_C_LANGUAGE_STANDARD = gnu11;
				GCC_NO_COMMON_BLOCKS = YES;
				GCC_WARN_64_TO_32_BIT_CONVERSION = YES;
				GCC_WARN_ABOUT_RETURN_TYPE = YES_ERROR;
				GCC_WARN_UNDECLARED_SELECTOR = YES;
				GCC_WARN_UNINITIALIZED_AUTOS = YES_AGGRESSIVE;
				GCC_WARN_UNUSED_FUNCTION = YES;
				GCC_WARN_UNUSED_VARIABLE = YES;
				IPHONEOS_DEPLOYMENT_TARGET = 16.4;
				MTL_ENABLE_DEBUG_INFO = NO;
				MTL_FAST_MATH = YES;
				SDKROOT = iphoneos;
				SWIFT_COMPILATION_MODE = wholemodule;
				SWIFT_OPTIMIZATION_LEVEL = "-O";
				VALIDATE_PRODUCT = YES;
			};
			name = Release;
		};
		FEB960B22AA907DA00882488 /* Debug */ = {
			isa = XCBuildConfiguration;
			buildSettings = {
				ASSETCATALOG_COMPILER_APPICON_NAME = AppIcon;
				ASSETCATALOG_COMPILER_GLOBAL_ACCENT_COLOR_NAME = AccentColor;
				CODE_SIGN_STYLE = Automatic;
				CURRENT_PROJECT_VERSION = 1;
				DEVELOPMENT_ASSET_PATHS = "\"AppWithNastenka/Preview Content\"";
				DEVELOPMENT_TEAM = 6XT2H38622;
				ENABLE_PREVIEWS = YES;
				GENERATE_INFOPLIST_FILE = YES;
				INFOPLIST_FILE = AppWithNastenka/Info.plist;
				INFOPLIST_KEY_UIApplicationSceneManifest_Generation = YES;
				INFOPLIST_KEY_UIApplicationSupportsIndirectInputEvents = YES;
				INFOPLIST_KEY_UILaunchScreen_Generation = YES;
				INFOPLIST_KEY_UISupportedInterfaceOrientations = UIInterfaceOrientationPortrait;
				INFOPLIST_KEY_UISupportedInterfaceOrientations_iPad = "UIInterfaceOrientationLandscapeRight UIInterfaceOrientationPortrait";
				IPHONEOS_DEPLOYMENT_TARGET = 16.0;
				LD_RUNPATH_SEARCH_PATHS = (
					"$(inherited)",
					"@executable_path/Frameworks",
				);
				MARKETING_VERSION = 1.0;
				PRODUCT_BUNDLE_IDENTIFIER = ilyas.com.AppWithNastenka;
				PRODUCT_NAME = "$(TARGET_NAME)";
				SWIFT_EMIT_LOC_STRINGS = YES;
				SWIFT_VERSION = 5.0;
				TARGETED_DEVICE_FAMILY = "1,2";
			};
			name = Debug;
		};
		FEB960B32AA907DA00882488 /* Release */ = {
			isa = XCBuildConfiguration;
			buildSettings = {
				ASSETCATALOG_COMPILER_APPICON_NAME = AppIcon;
				ASSETCATALOG_COMPILER_GLOBAL_ACCENT_COLOR_NAME = AccentColor;
				CODE_SIGN_STYLE = Automatic;
				CURRENT_PROJECT_VERSION = 1;
				DEVELOPMENT_ASSET_PATHS = "\"AppWithNastenka/Preview Content\"";
				DEVELOPMENT_TEAM = 6XT2H38622;
				ENABLE_PREVIEWS = YES;
				GENERATE_INFOPLIST_FILE = YES;
				INFOPLIST_FILE = AppWithNastenka/Info.plist;
				INFOPLIST_KEY_UIApplicationSceneManifest_Generation = YES;
				INFOPLIST_KEY_UIApplicationSupportsIndirectInputEvents = YES;
				INFOPLIST_KEY_UILaunchScreen_Generation = YES;
				INFOPLIST_KEY_UISupportedInterfaceOrientations = UIInterfaceOrientationPortrait;
				INFOPLIST_KEY_UISupportedInterfaceOrientations_iPad = "UIInterfaceOrientationLandscapeRight UIInterfaceOrientationPortrait";
				IPHONEOS_DEPLOYMENT_TARGET = 16.0;
				LD_RUNPATH_SEARCH_PATHS = (
					"$(inherited)",
					"@executable_path/Frameworks",
				);
				MARKETING_VERSION = 1.0;
				PRODUCT_BUNDLE_IDENTIFIER = ilyas.com.AppWithNastenka;
				PRODUCT_NAME = "$(TARGET_NAME)";
				SWIFT_EMIT_LOC_STRINGS = YES;
				SWIFT_VERSION = 5.0;
				TARGETED_DEVICE_FAMILY = "1,2";
			};
			name = Release;
		};
/* End XCBuildConfiguration section */

/* Begin XCConfigurationList section */
		FEB960992AA907D800882488 /* Build configuration list for PBXProject "AppWithNastenka" */ = {
			isa = XCConfigurationList;
			buildConfigurations = (
				FEB960AF2AA907DA00882488 /* Debug */,
				FEB960B02AA907DA00882488 /* Release */,
			);
			defaultConfigurationIsVisible = 0;
			defaultConfigurationName = Release;
		};
		FEB960B12AA907DA00882488 /* Build configuration list for PBXNativeTarget "AppWithNastenka" */ = {
			isa = XCConfigurationList;
			buildConfigurations = (
				FEB960B22AA907DA00882488 /* Debug */,
				FEB960B32AA907DA00882488 /* Release */,
			);
			defaultConfigurationIsVisible = 0;
			defaultConfigurationName = Release;
		};
/* End XCConfigurationList section */

/* Begin XCRemoteSwiftPackageReference section */
		093086062AA9EEB10038A014 /* XCRemoteSwiftPackageReference "ReSwift" */ = {
			isa = XCRemoteSwiftPackageReference;
			repositoryURL = "https://github.com/ReSwift/ReSwift";
			requirement = {
				kind = upToNextMajorVersion;
				minimumVersion = 6.0.0;
			};
		};
/* End XCRemoteSwiftPackageReference section */

/* Begin XCSwiftPackageProductDependency section */
		093086072AA9EEB10038A014 /* ReSwift */ = {
			isa = XCSwiftPackageProductDependency;
			package = 093086062AA9EEB10038A014 /* XCRemoteSwiftPackageReference "ReSwift" */;
			productName = ReSwift;
		};
		0930860A2AA9EF660038A014 /* State */ = {
			isa = XCSwiftPackageProductDependency;
			productName = State;
		};
		0930861C2AAF50340038A014 /* AuthManager */ = {
			isa = XCSwiftPackageProductDependency;
			productName = AuthManager;
		};
		0930861E2AAF50380038A014 /* Middleware */ = {
			isa = XCSwiftPackageProductDependency;
			productName = Middleware;
		};
/* End XCSwiftPackageProductDependency section */
	};
	rootObject = FEB960962AA907D800882488 /* Project object */;
}
